
Microsoft Visual Studio Solution File, Format Version 12.00
# Visual Studio Version 16
VisualStudioVersion = 16.0.31729.503
MinimumVisualStudioVersion = 10.0.40219.1
Project("{FAE04EC0-301F-11D3-BF4B-00C04F79EFBC}") = "Nilamadhaba_Nagar", "Nilamadhaba_Nagar\Nilamadhaba_Nagar.csproj", "{017309CB-372D-42F3-B88A-F247F540FACC}"
EndProject
Global
	GlobalSection(SolutionConfigurationPlatforms) = preSolution
		Debug|Any CPU = Debug|Any CPU
		Release|Any CPU = Release|Any CPU
	EndGlobalSection
	GlobalSection(ProjectConfigurationPlatforms) = postSolution
		{017309CB-372D-42F3-B88A-F247F540FACC}.Debug|Any CPU.ActiveCfg = Debug|Any CPU
		{017309CB-372D-42F3-B88A-F247F540FACC}.Debug|Any CPU.Build.0 = Debug|Any CPU
		{017309CB-372D-42F3-B88A-F247F540FACC}.Release|Any CPU.ActiveCfg = Release|Any CPU
		{017309CB-372D-42F3-B88A-F247F540FACC}.Release|Any CPU.Build.0 = Release|Any CPU
	EndGlobalSection
	GlobalSection(SolutionProperties) = preSolution
		HideSolutionNode = FALSE
	EndGlobalSection
	GlobalSection(ExtensibilityGlobals) = postSolution
		SolutionGuid = {D2BAD06C-EFD5-4D4E-9873-273BAC9FFD35}
	EndGlobalSection
EndGlobal
